<?xml version="1.0" encoding="utf-8"?>
<Project ToolsVersion="4.0" xmlns="http://schemas.microsoft.com/developer/msbuild/2003">
  <ItemGroup>
    <Filter Include="Source Files">
      <UniqueIdentifier>{4FC737F1-C7A5-4376-A066-2A32D752A2FF}</UniqueIdentifier>
      <Extensions>cpp;c;cc;cxx;def;odl;idl;hpj;bat;asm;asmx</Extensions>
    </Filter>
    <Filter Include="Header Files">
      <UniqueIdentifier>{93995380-89BD-4b04-88EB-625FBE52EBFB}</UniqueIdentifier>
      <Extensions>h;hpp;hxx;hm;inl;inc;xsd</Extensions>
    </Filter>
    <Filter Include="Resource Files">
      <UniqueIdentifier>{67DA6AB6-F800-4c08-8B7A-83BB121AAD01}</UniqueIdentifier>
      <Extensions>rc;ico;cur;bmp;dlg;rc2;rct;bin;rgs;gif;jpg;jpeg;jpe;resx;tiff;tif;png;wav</Extensions>
    </Filter>
    <Filter Include="Test">
      <UniqueIdentifier>{a6249419-2c3e-4759-be0c-f10ea7e9077f}</UniqueIdentifier>
    </Filter>
    <Filter Include="Test\TestFramework">
      <UniqueIdentifier>{ff806b11-6aab-4171-91c6-396be9a71ba8}</UniqueIdentifier>
    </Filter>
    <Filter Include="Test\Source">
      <UniqueIdentifier>{b2d03592-1542-417d-a272-fd09c61cdf91}</UniqueIdentifier>
    </Filter>
    <Filter Include="Test\Header">
      <UniqueIdentifier>{cbf09979-7860-4f3f-8488-d8088f0604c9}</UniqueIdentifier>
    </Filter>
  </ItemGroup>
  <ItemGroup>
    <ClCompile Include="SelfClassWindow.cpp">
      <Filter>Source Files</Filter>
    </ClCompile>
    <ClCompile Include="ShowOpenWindows.cpp">
      <Filter>Source Files</Filter>
    </ClCompile>
    <ClCompile Include="stdafx.cpp">
      <Filter>Source Files</Filter>
    </ClCompile>
    <ClCompile Include="SystemTrayApp.cpp">
      <Filter>Source Files</Filter>
    </ClCompile>
    <ClCompile Include="SystemTrayHandler.cpp">
      <Filter>Source Files</Filter>
    </ClCompile>
    <ClCompile Include="TerminalWindowManager.cpp">
      <Filter>Source Files</Filter>
    </ClCompile>
    <ClCompile Include="WindowManager.cpp">
      <Filter>Source Files</Filter>
    </ClCompile>
    <ClCompile Include="WindowRegistry.cpp">
      <Filter>Source Files</Filter>
    </ClCompile>
    <ClCompile Include="WindowState.cpp">
      <Filter>Source Files</Filter>
    </ClCompile>
    <ClCompile Include="..\..\..\latex2xml\test\test\Framework\Logger.cpp">
      <Filter>Test\TestFramework</Filter>
    </ClCompile>
  </ItemGroup>
  <ItemGroup>
    <ClInclude Include="resource.h">
      <Filter>Header Files</Filter>
    </ClInclude>
    <ClInclude Include="ShowOpenWindows.h">
      <Filter>Header Files</Filter>
    </ClInclude>
    <ClInclude Include="stdafx.h">
      <Filter>Header Files</Filter>
    </ClInclude>
    <ClInclude Include="SystemTrayHandler.h">
      <Filter>Header Files</Filter>
    </ClInclude>
    <ClInclude Include="TerminalWindowManager.h">
      <Filter>Header Files</Filter>
    </ClInclude>
    <ClInclude Include="TrayMessages.h">
      <Filter>Header Files</Filter>
    </ClInclude>
    <ClInclude Include="WindowManager.h">
      <Filter>Header Files</Filter>
    </ClInclude>
    <ClInclude Include="..\..\printC\printC\printC.h">
      <Filter>Header Files</Filter>
    </ClInclude>
    <ClInclude Include="..\..\..\latex2xml\test\test\Framework\Logger.h">
      <Filter>Test\TestFramework</Filter>
    </ClInclude>
    <ClInclude Include="..\..\..\latex2xml\test\test\Framework\PreProMacros.h">
      <Filter>Test\TestFramework</Filter>
    </ClInclude>
    <ClInclude Include="..\..\..\latex2xml\test\test\Framework\SingletonDestroyer.h">
      <Filter>Test\TestFramework</Filter>
    </ClInclude>
    <ClInclude Include="..\..\..\latex2xml\test\test\Framework\TestEnvironment.h">
      <Filter>Test\TestFramework</Filter>
    </ClInclude>
  </ItemGroup>
  <ItemGroup>
    <None Include="icon1.ico">
      <Filter>Resource Files</Filter>
    </None>
    <None Include="ReadMe.txt" />
  </ItemGroup>
  <ItemGroup>
    <ResourceCompile Include="SysTrayResource.rc">
      <Filter>Resource Files</Filter>
    </ResourceCompile>
  </ItemGroup>
</Project>